
Microsoft Visual Studio Solution File, Format Version 12.00
# Visual Studio Version 16
VisualStudioVersion = 16.0.29230.61
MinimumVisualStudioVersion = 10.0.40219.1
Project("{FAE04EC0-301F-11D3-BF4B-00C04F79EFBC}") = "homeapp2.Server", "homeapp2\Server\homeapp2.Server.csproj", "{1D69C409-3888-42DF-AF23-C92AF73DB0AA}"
EndProject
Project("{FAE04EC0-301F-11D3-BF4B-00C04F79EFBC}") = "homeapp2.Client", "homeapp2\Client\homeapp2.Client.csproj", "{AFF7923A-3A2D-4E5D-9AB5-0C6D89FF52F2}"
EndProject
Project("{FAE04EC0-301F-11D3-BF4B-00C04F79EFBC}") = "homeapp2.Shared", "homeapp2\Shared\homeapp2.Shared.csproj", "{02DB54D6-FB15-49A6-AE24-34CAA70A206F}"
EndProject
Global
	GlobalSection(SolutionConfigurationPlatforms) = preSolution
		Debug|Any CPU = Debug|Any CPU
		Release|Any CPU = Release|Any CPU
	EndGlobalSection
	GlobalSection(ProjectConfigurationPlatforms) = postSolution
		{1D69C409-3888-42DF-AF23-C92AF73DB0AA}.Debug|Any CPU.ActiveCfg = Debug|Any CPU
		{1D69C409-3888-42DF-AF23-C92AF73DB0AA}.Debug|Any CPU.Build.0 = Debug|Any CPU
		{1D69C409-3888-42DF-AF23-C92AF73DB0AA}.Release|Any CPU.ActiveCfg = Release|Any CPU
		{1D69C409-3888-42DF-AF23-C92AF73DB0AA}.Release|Any CPU.Build.0 = Release|Any CPU
		{AFF7923A-3A2D-4E5D-9AB5-0C6D89FF52F2}.Debug|Any CPU.ActiveCfg = Debug|Any CPU
		{AFF7923A-3A2D-4E5D-9AB5-0C6D89FF52F2}.Debug|Any CPU.Build.0 = Debug|Any CPU
		{AFF7923A-3A2D-4E5D-9AB5-0C6D89FF52F2}.Release|Any CPU.ActiveCfg = Release|Any CPU
		{AFF7923A-3A2D-4E5D-9AB5-0C6D89FF52F2}.Release|Any CPU.Build.0 = Release|Any CPU
		{02DB54D6-FB15-49A6-AE24-34CAA70A206F}.Debug|Any CPU.ActiveCfg = Debug|Any CPU
		{02DB54D6-FB15-49A6-AE24-34CAA70A206F}.Debug|Any CPU.Build.0 = Debug|Any CPU
		{02DB54D6-FB15-49A6-AE24-34CAA70A206F}.Release|Any CPU.ActiveCfg = Release|Any CPU
		{02DB54D6-FB15-49A6-AE24-34CAA70A206F}.Release|Any CPU.Build.0 = Release|Any CPU
	EndGlobalSection
	GlobalSection(SolutionProperties) = preSolution
		HideSolutionNode = FALSE
	EndGlobalSection
	GlobalSection(ExtensibilityGlobals) = postSolution
		SolutionGuid = {8D8D8783-4217-4F2C-9D6E-0D58204BD569}
	EndGlobalSection
EndGlobal
